// !$*UTF8*$!
{
	archiveVersion = 1;
	classes = {
	};
	objectVersion = 56;
	objects = {

/* Begin PBXBuildFile section */
		BB44DE5A298BDCF80039C601 /* AppDelegate.swift in Sources */ = {isa = PBXBuildFile; fileRef = BB44DE59298BDCF80039C601 /* AppDelegate.swift */; };
		BB44DE5C298BDCF80039C601 /* SceneDelegate.swift in Sources */ = {isa = PBXBuildFile; fileRef = BB44DE5B298BDCF80039C601 /* SceneDelegate.swift */; };
		BB44DE64298BDCF80039C601 /* MovieApp.xcdatamodeld in Sources */ = {isa = PBXBuildFile; fileRef = BB44DE62298BDCF80039C601 /* MovieApp.xcdatamodeld */; };
		BB44DE66298BDCFA0039C601 /* Assets.xcassets in Resources */ = {isa = PBXBuildFile; fileRef = BB44DE65298BDCFA0039C601 /* Assets.xcassets */; };
		BB44DE69298BDCFA0039C601 /* LaunchScreen.storyboard in Resources */ = {isa = PBXBuildFile; fileRef = BB44DE67298BDCFA0039C601 /* LaunchScreen.storyboard */; };
		BB44DE74298BDCFA0039C601 /* MovieAppTests.swift in Sources */ = {isa = PBXBuildFile; fileRef = BB44DE73298BDCFA0039C601 /* MovieAppTests.swift */; };
		BB44DE7E298BDCFA0039C601 /* MovieAppUITests.swift in Sources */ = {isa = PBXBuildFile; fileRef = BB44DE7D298BDCFA0039C601 /* MovieAppUITests.swift */; };
		BB44DE80298BDCFA0039C601 /* MovieAppUITestsLaunchTests.swift in Sources */ = {isa = PBXBuildFile; fileRef = BB44DE7F298BDCFA0039C601 /* MovieAppUITestsLaunchTests.swift */; };
		BB44DE8E298BDE6C0039C601 /* Alamofire in Frameworks */ = {isa = PBXBuildFile; productRef = BB44DE8D298BDE6C0039C601 /* Alamofire */; };
		BB44DE91298BDEE30039C601 /* Kingfisher in Frameworks */ = {isa = PBXBuildFile; productRef = BB44DE90298BDEE30039C601 /* Kingfisher */; };
		BB44DE99298BE62C0039C601 /* HomeViewController.swift in Sources */ = {isa = PBXBuildFile; fileRef = BB44DE98298BE62C0039C601 /* HomeViewController.swift */; };
		BB44DE9B298BEA9A0039C601 /* NetworkManager.swift in Sources */ = {isa = PBXBuildFile; fileRef = BB44DE9A298BEA9A0039C601 /* NetworkManager.swift */; };
		BB8017CD298C419800A8D0D7 /* NetworkConstants.swift in Sources */ = {isa = PBXBuildFile; fileRef = BB8017CC298C419800A8D0D7 /* NetworkConstants.swift */; };
		BB8017CF298C43ED00A8D0D7 /* Movies.swift in Sources */ = {isa = PBXBuildFile; fileRef = BB8017CE298C43ED00A8D0D7 /* Movies.swift */; };
		BB8017D1298C447800A8D0D7 /* MovieService.swift in Sources */ = {isa = PBXBuildFile; fileRef = BB8017D0298C447800A8D0D7 /* MovieService.swift */; };
/* End PBXBuildFile section */

/* Begin PBXContainerItemProxy section */
		BB44DE70298BDCFA0039C601 /* PBXContainerItemProxy */ = {
			isa = PBXContainerItemProxy;
			containerPortal = BB44DE4E298BDCF80039C601 /* Project object */;
			proxyType = 1;
			remoteGlobalIDString = BB44DE55298BDCF80039C601;
			remoteInfo = MovieApp;
		};
		BB44DE7A298BDCFA0039C601 /* PBXContainerItemProxy */ = {
			isa = PBXContainerItemProxy;
			containerPortal = BB44DE4E298BDCF80039C601 /* Project object */;
			proxyType = 1;
			remoteGlobalIDString = BB44DE55298BDCF80039C601;
			remoteInfo = MovieApp;
		};
/* End PBXContainerItemProxy section */

/* Begin PBXFileReference section */
		BB44DE56298BDCF80039C601 /* MovieApp.app */ = {isa = PBXFileReference; explicitFileType = wrapper.application; includeInIndex = 0; path = MovieApp.app; sourceTree = BUILT_PRODUCTS_DIR; };
		BB44DE59298BDCF80039C601 /* AppDelegate.swift */ = {isa = PBXFileReference; lastKnownFileType = sourcecode.swift; path = AppDelegate.swift; sourceTree = "<group>"; };
		BB44DE5B298BDCF80039C601 /* SceneDelegate.swift */ = {isa = PBXFileReference; lastKnownFileType = sourcecode.swift; path = SceneDelegate.swift; sourceTree = "<group>"; };
		BB44DE63298BDCF80039C601 /* MovieApp.xcdatamodel */ = {isa = PBXFileReference; lastKnownFileType = wrapper.xcdatamodel; path = MovieApp.xcdatamodel; sourceTree = "<group>"; };
		BB44DE65298BDCFA0039C601 /* Assets.xcassets */ = {isa = PBXFileReference; lastKnownFileType = folder.assetcatalog; path = Assets.xcassets; sourceTree = "<group>"; };
		BB44DE68298BDCFA0039C601 /* Base */ = {isa = PBXFileReference; lastKnownFileType = file.storyboard; name = Base; path = Base.lproj/LaunchScreen.storyboard; sourceTree = "<group>"; };
		BB44DE6A298BDCFA0039C601 /* Info.plist */ = {isa = PBXFileReference; lastKnownFileType = text.plist.xml; path = Info.plist; sourceTree = "<group>"; };
		BB44DE6F298BDCFA0039C601 /* MovieAppTests.xctest */ = {isa = PBXFileReference; explicitFileType = wrapper.cfbundle; includeInIndex = 0; path = MovieAppTests.xctest; sourceTree = BUILT_PRODUCTS_DIR; };
		BB44DE73298BDCFA0039C601 /* MovieAppTests.swift */ = {isa = PBXFileReference; lastKnownFileType = sourcecode.swift; path = MovieAppTests.swift; sourceTree = "<group>"; };
		BB44DE79298BDCFA0039C601 /* MovieAppUITests.xctest */ = {isa = PBXFileReference; explicitFileType = wrapper.cfbundle; includeInIndex = 0; path = MovieAppUITests.xctest; sourceTree = BUILT_PRODUCTS_DIR; };
		BB44DE7D298BDCFA0039C601 /* MovieAppUITests.swift */ = {isa = PBXFileReference; lastKnownFileType = sourcecode.swift; path = MovieAppUITests.swift; sourceTree = "<group>"; };
		BB44DE7F298BDCFA0039C601 /* MovieAppUITestsLaunchTests.swift */ = {isa = PBXFileReference; lastKnownFileType = sourcecode.swift; path = MovieAppUITestsLaunchTests.swift; sourceTree = "<group>"; };
		BB44DE98298BE62C0039C601 /* HomeViewController.swift */ = {isa = PBXFileReference; lastKnownFileType = sourcecode.swift; path = HomeViewController.swift; sourceTree = "<group>"; };
		BB44DE9A298BEA9A0039C601 /* NetworkManager.swift */ = {isa = PBXFileReference; lastKnownFileType = sourcecode.swift; path = NetworkManager.swift; sourceTree = "<group>"; };
		BB8017CC298C419800A8D0D7 /* NetworkConstants.swift */ = {isa = PBXFileReference; lastKnownFileType = sourcecode.swift; path = NetworkConstants.swift; sourceTree = "<group>"; };
		BB8017CE298C43ED00A8D0D7 /* Movies.swift */ = {isa = PBXFileReference; lastKnownFileType = sourcecode.swift; path = Movies.swift; sourceTree = "<group>"; };
		BB8017D0298C447800A8D0D7 /* MovieService.swift */ = {isa = PBXFileReference; lastKnownFileType = sourcecode.swift; path = MovieService.swift; sourceTree = "<group>"; };
/* End PBXFileReference section */

/* Begin PBXFrameworksBuildPhase section */
		BB44DE53298BDCF80039C601 /* Frameworks */ = {
			isa = PBXFrameworksBuildPhase;
			buildActionMask = 2147483647;
			files = (
				BB44DE91298BDEE30039C601 /* Kingfisher in Frameworks */,
				BB44DE8E298BDE6C0039C601 /* Alamofire in Frameworks */,
			);
			runOnlyForDeploymentPostprocessing = 0;
		};
		BB44DE6C298BDCFA0039C601 /* Frameworks */ = {
			isa = PBXFrameworksBuildPhase;
			buildActionMask = 2147483647;
			files = (
			);
			runOnlyForDeploymentPostprocessing = 0;
		};
		BB44DE76298BDCFA0039C601 /* Frameworks */ = {
			isa = PBXFrameworksBuildPhase;
			buildActionMask = 2147483647;
			files = (
			);
			runOnlyForDeploymentPostprocessing = 0;
		};
/* End PBXFrameworksBuildPhase section */

/* Begin PBXGroup section */
		BB44DE4D298BDCF80039C601 = {
			isa = PBXGroup;
			children = (
				BB44DE58298BDCF80039C601 /* MovieApp */,
				BB44DE72298BDCFA0039C601 /* MovieAppTests */,
				BB44DE7C298BDCFA0039C601 /* MovieAppUITests */,
				BB44DE57298BDCF80039C601 /* Products */,
			);
			sourceTree = "<group>";
		};
		BB44DE57298BDCF80039C601 /* Products */ = {
			isa = PBXGroup;
			children = (
				BB44DE56298BDCF80039C601 /* MovieApp.app */,
				BB44DE6F298BDCFA0039C601 /* MovieAppTests.xctest */,
				BB44DE79298BDCFA0039C601 /* MovieAppUITests.xctest */,
			);
			name = Products;
			sourceTree = "<group>";
		};
		BB44DE58298BDCF80039C601 /* MovieApp */ = {
			isa = PBXGroup;
			children = (
				BB44DE93298BE5F30039C601 /* Utilities */,
				BB44DE95298BE6060039C601 /* Services */,
				BB44DE94298BE5FA0039C601 /* Models */,
				BB44DE92298BE5EB0039C601 /* Core */,
				BB44DE59298BDCF80039C601 /* AppDelegate.swift */,
				BB44DE5B298BDCF80039C601 /* SceneDelegate.swift */,
				BB44DE65298BDCFA0039C601 /* Assets.xcassets */,
				BB44DE67298BDCFA0039C601 /* LaunchScreen.storyboard */,
				BB44DE6A298BDCFA0039C601 /* Info.plist */,
				BB44DE62298BDCF80039C601 /* MovieApp.xcdatamodeld */,
			);
			path = MovieApp;
			sourceTree = "<group>";
		};
		BB44DE72298BDCFA0039C601 /* MovieAppTests */ = {
			isa = PBXGroup;
			children = (
				BB44DE73298BDCFA0039C601 /* MovieAppTests.swift */,
			);
			path = MovieAppTests;
			sourceTree = "<group>";
		};
		BB44DE7C298BDCFA0039C601 /* MovieAppUITests */ = {
			isa = PBXGroup;
			children = (
				BB44DE7D298BDCFA0039C601 /* MovieAppUITests.swift */,
				BB44DE7F298BDCFA0039C601 /* MovieAppUITestsLaunchTests.swift */,
			);
			path = MovieAppUITests;
			sourceTree = "<group>";
		};
		BB44DE92298BE5EB0039C601 /* Core */ = {
			isa = PBXGroup;
			children = (
				BB44DE97298BE61A0039C601 /* HomeViewController */,
				BB44DE96298BE60D0039C601 /* Components */,
			);
			path = Core;
			sourceTree = "<group>";
		};
		BB44DE93298BE5F30039C601 /* Utilities */ = {
			isa = PBXGroup;
			children = (
				BB44DE9A298BEA9A0039C601 /* NetworkManager.swift */,
				BB8017CC298C419800A8D0D7 /* NetworkConstants.swift */,
			);
			path = Utilities;
			sourceTree = "<group>";
		};
		BB44DE94298BE5FA0039C601 /* Models */ = {
			isa = PBXGroup;
			children = (
				BB8017CE298C43ED00A8D0D7 /* Movies.swift */,
			);
			path = Models;
			sourceTree = "<group>";
		};
		BB44DE95298BE6060039C601 /* Services */ = {
			isa = PBXGroup;
			children = (
				BB8017D0298C447800A8D0D7 /* MovieService.swift */,
			);
			path = Services;
			sourceTree = "<group>";
		};
		BB44DE96298BE60D0039C601 /* Components */ = {
			isa = PBXGroup;
			children = (
			);
			path = Components;
			sourceTree = "<group>";
		};
		BB44DE97298BE61A0039C601 /* HomeViewController */ = {
			isa = PBXGroup;
			children = (
				BB44DE98298BE62C0039C601 /* HomeViewController.swift */,
			);
			path = HomeViewController;
			sourceTree = "<group>";
		};
/* End PBXGroup section */

/* Begin PBXNativeTarget section */
		BB44DE55298BDCF80039C601 /* MovieApp */ = {
			isa = PBXNativeTarget;
			buildConfigurationList = BB44DE83298BDCFA0039C601 /* Build configuration list for PBXNativeTarget "MovieApp" */;
			buildPhases = (
				BB44DE52298BDCF80039C601 /* Sources */,
				BB44DE53298BDCF80039C601 /* Frameworks */,
				BB44DE54298BDCF80039C601 /* Resources */,
			);
			buildRules = (
			);
			dependencies = (
			);
			name = MovieApp;
			packageProductDependencies = (
				BB44DE8D298BDE6C0039C601 /* Alamofire */,
				BB44DE90298BDEE30039C601 /* Kingfisher */,
			);
			productName = MovieApp;
			productReference = BB44DE56298BDCF80039C601 /* MovieApp.app */;
			productType = "com.apple.product-type.application";
		};
		BB44DE6E298BDCFA0039C601 /* MovieAppTests */ = {
			isa = PBXNativeTarget;
			buildConfigurationList = BB44DE86298BDCFA0039C601 /* Build configuration list for PBXNativeTarget "MovieAppTests" */;
			buildPhases = (
				BB44DE6B298BDCFA0039C601 /* Sources */,
				BB44DE6C298BDCFA0039C601 /* Frameworks */,
				BB44DE6D298BDCFA0039C601 /* Resources */,
			);
			buildRules = (
			);
			dependencies = (
				BB44DE71298BDCFA0039C601 /* PBXTargetDependency */,
			);
			name = MovieAppTests;
			productName = MovieAppTests;
			productReference = BB44DE6F298BDCFA0039C601 /* MovieAppTests.xctest */;
			productType = "com.apple.product-type.bundle.unit-test";
		};
		BB44DE78298BDCFA0039C601 /* MovieAppUITests */ = {
			isa = PBXNativeTarget;
			buildConfigurationList = BB44DE89298BDCFA0039C601 /* Build configuration list for PBXNativeTarget "MovieAppUITests" */;
			buildPhases = (
				BB44DE75298BDCFA0039C601 /* Sources */,
				BB44DE76298BDCFA0039C601 /* Frameworks */,
				BB44DE77298BDCFA0039C601 /* Resources */,
			);
			buildRules = (
			);
			dependencies = (
				BB44DE7B298BDCFA0039C601 /* PBXTargetDependency */,
			);
			name = MovieAppUITests;
			productName = MovieAppUITests;
			productReference = BB44DE79298BDCFA0039C601 /* MovieAppUITests.xctest */;
			productType = "com.apple.product-type.bundle.ui-testing";
		};
/* End PBXNativeTarget section */

/* Begin PBXProject section */
		BB44DE4E298BDCF80039C601 /* Project object */ = {
			isa = PBXProject;
			attributes = {
				BuildIndependentTargetsInParallel = 1;
				LastSwiftUpdateCheck = 1420;
				LastUpgradeCheck = 1420;
				TargetAttributes = {
					BB44DE55298BDCF80039C601 = {
						CreatedOnToolsVersion = 14.2;
					};
					BB44DE6E298BDCFA0039C601 = {
						CreatedOnToolsVersion = 14.2;
						TestTargetID = BB44DE55298BDCF80039C601;
					};
					BB44DE78298BDCFA0039C601 = {
						CreatedOnToolsVersion = 14.2;
						TestTargetID = BB44DE55298BDCF80039C601;
					};
				};
			};
			buildConfigurationList = BB44DE51298BDCF80039C601 /* Build configuration list for PBXProject "MovieApp" */;
			compatibilityVersion = "Xcode 14.0";
			developmentRegion = en;
			hasScannedForEncodings = 0;
			knownRegions = (
				en,
				Base,
			);
			mainGroup = BB44DE4D298BDCF80039C601;
			packageReferences = (
				BB44DE8C298BDE6C0039C601 /* XCRemoteSwiftPackageReference "Alamofire" */,
				BB44DE8F298BDEE30039C601 /* XCRemoteSwiftPackageReference "Kingfisher" */,
			);
			productRefGroup = BB44DE57298BDCF80039C601 /* Products */;
			projectDirPath = "";
			projectRoot = "";
			targets = (
				BB44DE55298BDCF80039C601 /* MovieApp */,
				BB44DE6E298BDCFA0039C601 /* MovieAppTests */,
				BB44DE78298BDCFA0039C601 /* MovieAppUITests */,
			);
		};
/* End PBXProject section */

/* Begin PBXResourcesBuildPhase section */
		BB44DE54298BDCF80039C601 /* Resources */ = {
			isa = PBXResourcesBuildPhase;
			buildActionMask = 2147483647;
			files = (
				BB44DE69298BDCFA0039C601 /* LaunchScreen.storyboard in Resources */,
				BB44DE66298BDCFA0039C601 /* Assets.xcassets in Resources */,
			);
			runOnlyForDeploymentPostprocessing = 0;
		};
		BB44DE6D298BDCFA0039C601 /* Resources */ = {
			isa = PBXResourcesBuildPhase;
			buildActionMask = 2147483647;
			files = (
			);
			runOnlyForDeploymentPostprocessing = 0;
		};
		BB44DE77298BDCFA0039C601 /* Resources */ = {
			isa = PBXResourcesBuildPhase;
			buildActionMask = 2147483647;
			files = (
			);
			runOnlyForDeploymentPostprocessing = 0;
		};
/* End PBXResourcesBuildPhase section */

/* Begin PBXSourcesBuildPhase section */
		BB44DE52298BDCF80039C601 /* Sources */ = {
			isa = PBXSourcesBuildPhase;
			buildActionMask = 2147483647;
			files = (
				BB8017CF298C43ED00A8D0D7 /* Movies.swift in Sources */,
				BB8017CD298C419800A8D0D7 /* NetworkConstants.swift in Sources */,
				BB44DE5A298BDCF80039C601 /* AppDelegate.swift in Sources */,
				BB44DE64298BDCF80039C601 /* MovieApp.xcdatamodeld in Sources */,
				BB44DE9B298BEA9A0039C601 /* NetworkManager.swift in Sources */,
				BB44DE5C298BDCF80039C601 /* SceneDelegate.swift in Sources */,
				BB8017D1298C447800A8D0D7 /* MovieService.swift in Sources */,
				BB44DE99298BE62C0039C601 /* HomeViewController.swift in Sources */,
			);
			runOnlyForDeploymentPostprocessing = 0;
		};
		BB44DE6B298BDCFA0039C601 /* Sources */ = {
			isa = PBXSourcesBuildPhase;
			buildActionMask = 2147483647;
			files = (
				BB44DE74298BDCFA0039C601 /* MovieAppTests.swift in Sources */,
			);
			runOnlyForDeploymentPostprocessing = 0;
		};
		BB44DE75298BDCFA0039C601 /* Sources */ = {
			isa = PBXSourcesBuildPhase;
			buildActionMask = 2147483647;
			files = (
				BB44DE80298BDCFA0039C601 /* MovieAppUITestsLaunchTests.swift in Sources */,
				BB44DE7E298BDCFA0039C601 /* MovieAppUITests.swift in Sources */,
			);
			runOnlyForDeploymentPostprocessing = 0;
		};
/* End PBXSourcesBuildPhase section */

/* Begin PBXTargetDependency section */
		BB44DE71298BDCFA0039C601 /* PBXTargetDependency */ = {
			isa = PBXTargetDependency;
			target = BB44DE55298BDCF80039C601 /* MovieApp */;
			targetProxy = BB44DE70298BDCFA0039C601 /* PBXContainerItemProxy */;
		};
		BB44DE7B298BDCFA0039C601 /* PBXTargetDependency */ = {
			isa = PBXTargetDependency;
			target = BB44DE55298BDCF80039C601 /* MovieApp */;
			targetProxy = BB44DE7A298BDCFA0039C601 /* PBXContainerItemProxy */;
		};
/* End PBXTargetDependency section */

/* Begin PBXVariantGroup section */
		BB44DE67298BDCFA0039C601 /* LaunchScreen.storyboard */ = {
			isa = PBXVariantGroup;
			children = (
				BB44DE68298BDCFA0039C601 /* Base */,
			);
			name = LaunchScreen.storyboard;
			sourceTree = "<group>";
		};
/* End PBXVariantGroup section */

/* Begin XCBuildConfiguration section */
		BB44DE81298BDCFA0039C601 /* Debug */ = {
			isa = XCBuildConfiguration;
			buildSettings = {
				ALWAYS_SEARCH_USER_PATHS = NO;
				CLANG_ANALYZER_NONNULL = YES;
				CLANG_ANALYZER_NUMBER_OBJECT_CONVERSION = YES_AGGRESSIVE;
				CLANG_CXX_LANGUAGE_STANDARD = "gnu++20";
				CLANG_ENABLE_MODULES = YES;
				CLANG_ENABLE_OBJC_ARC = YES;
				CLANG_ENABLE_OBJC_WEAK = YES;
				CLANG_WARN_BLOCK_CAPTURE_AUTORELEASING = YES;
				CLANG_WARN_BOOL_CONVERSION = YES;
				CLANG_WARN_COMMA = YES;
				CLANG_WARN_CONSTANT_CONVERSION = YES;
				CLANG_WARN_DEPRECATED_OBJC_IMPLEMENTATIONS = YES;
				CLANG_WARN_DIRECT_OBJC_ISA_USAGE = YES_ERROR;
				CLANG_WARN_DOCUMENTATION_COMMENTS = YES;
				CLANG_WARN_EMPTY_BODY = YES;
				CLANG_WARN_ENUM_CONVERSION = YES;
				CLANG_WARN_INFINITE_RECURSION = YES;
				CLANG_WARN_INT_CONVERSION = YES;
				CLANG_WARN_NON_LITERAL_NULL_CONVERSION = YES;
				CLANG_WARN_OBJC_IMPLICIT_RETAIN_SELF = YES;
				CLANG_WARN_OBJC_LITERAL_CONVERSION = YES;
				CLANG_WARN_OBJC_ROOT_CLASS = YES_ERROR;
				CLANG_WARN_QUOTED_INCLUDE_IN_FRAMEWORK_HEADER = YES;
				CLANG_WARN_RANGE_LOOP_ANALYSIS = YES;
				CLANG_WARN_STRICT_PROTOTYPES = YES;
				CLANG_WARN_SUSPICIOUS_MOVE = YES;
				CLANG_WARN_UNGUARDED_AVAILABILITY = YES_AGGRESSIVE;
				CLANG_WARN_UNREACHABLE_CODE = YES;
				CLANG_WARN__DUPLICATE_METHOD_MATCH = YES;
				COPY_PHASE_STRIP = NO;
				DEBUG_INFORMATION_FORMAT = dwarf;
				ENABLE_STRICT_OBJC_MSGSEND = YES;
				ENABLE_TESTABILITY = YES;
				GCC_C_LANGUAGE_STANDARD = gnu11;
				GCC_DYNAMIC_NO_PIC = NO;
				GCC_NO_COMMON_BLOCKS = YES;
				GCC_OPTIMIZATION_LEVEL = 0;
				GCC_PREPROCESSOR_DEFINITIONS = (
					"DEBUG=1",
					"$(inherited)",
				);
				GCC_WARN_64_TO_32_BIT_CONVERSION = YES;
				GCC_WARN_ABOUT_RETURN_TYPE = YES_ERROR;
				GCC_WARN_UNDECLARED_SELECTOR = YES;
				GCC_WARN_UNINITIALIZED_AUTOS = YES_AGGRESSIVE;
				GCC_WARN_UNUSED_FUNCTION = YES;
				GCC_WARN_UNUSED_VARIABLE = YES;
				IPHONEOS_DEPLOYMENT_TARGET = 16.2;
				MTL_ENABLE_DEBUG_INFO = INCLUDE_SOURCE;
				MTL_FAST_MATH = YES;
				ONLY_ACTIVE_ARCH = YES;
				SDKROOT = iphoneos;
				SWIFT_ACTIVE_COMPILATION_CONDITIONS = DEBUG;
				SWIFT_OPTIMIZATION_LEVEL = "-Onone";
			};
			name = Debug;
		};
		BB44DE82298BDCFA0039C601 /* Release */ = {
			isa = XCBuildConfiguration;
			buildSettings = {
				ALWAYS_SEARCH_USER_PATHS = NO;
				CLANG_ANALYZER_NONNULL = YES;
				CLANG_ANALYZER_NUMBER_OBJECT_CONVERSION = YES_AGGRESSIVE;
				CLANG_CXX_LANGUAGE_STANDARD = "gnu++20";
				CLANG_ENABLE_MODULES = YES;
				CLANG_ENABLE_OBJC_ARC = YES;
				CLANG_ENABLE_OBJC_WEAK = YES;
				CLANG_WARN_BLOCK_CAPTURE_AUTORELEASING = YES;
				CLANG_WARN_BOOL_CONVERSION = YES;
				CLANG_WARN_COMMA = YES;
				CLANG_WARN_CONSTANT_CONVERSION = YES;
				CLANG_WARN_DEPRECATED_OBJC_IMPLEMENTATIONS = YES;
				CLANG_WARN_DIRECT_OBJC_ISA_USAGE = YES_ERROR;
				CLANG_WARN_DOCUMENTATION_COMMENTS = YES;
				CLANG_WARN_EMPTY_BODY = YES;
				CLANG_WARN_ENUM_CONVERSION = YES;
				CLANG_WARN_INFINITE_RECURSION = YES;
				CLANG_WARN_INT_CONVERSION = YES;
				CLANG_WARN_NON_LITERAL_NULL_CONVERSION = YES;
				CLANG_WARN_OBJC_IMPLICIT_RETAIN_SELF = YES;
				CLANG_WARN_OBJC_LITERAL_CONVERSION = YES;
				CLANG_WARN_OBJC_ROOT_CLASS = YES_ERROR;
				CLANG_WARN_QUOTED_INCLUDE_IN_FRAMEWORK_HEADER = YES;
				CLANG_WARN_RANGE_LOOP_ANALYSIS = YES;
				CLANG_WARN_STRICT_PROTOTYPES = YES;
				CLANG_WARN_SUSPICIOUS_MOVE = YES;
				CLANG_WARN_UNGUARDED_AVAILABILITY = YES_AGGRESSIVE;
				CLANG_WARN_UNREACHABLE_CODE = YES;
				CLANG_WARN__DUPLICATE_METHOD_MATCH = YES;
				COPY_PHASE_STRIP = NO;
				DEBUG_INFORMATION_FORMAT = "dwarf-with-dsym";
				ENABLE_NS_ASSERTIONS = NO;
				ENABLE_STRICT_OBJC_MSGSEND = YES;
				GCC_C_LANGUAGE_STANDARD = gnu11;
				GCC_NO_COMMON_BLOCKS = YES;
				GCC_WARN_64_TO_32_BIT_CONVERSION = YES;
				GCC_WARN_ABOUT_RETURN_TYPE = YES_ERROR;
				GCC_WARN_UNDECLARED_SELECTOR = YES;
				GCC_WARN_UNINITIALIZED_AUTOS = YES_AGGRESSIVE;
				GCC_WARN_UNUSED_FUNCTION = YES;
				GCC_WARN_UNUSED_VARIABLE = YES;
				IPHONEOS_DEPLOYMENT_TARGET = 16.2;
				MTL_ENABLE_DEBUG_INFO = NO;
				MTL_FAST_MATH = YES;
				SDKROOT = iphoneos;
				SWIFT_COMPILATION_MODE = wholemodule;
				SWIFT_OPTIMIZATION_LEVEL = "-O";
				VALIDATE_PRODUCT = YES;
			};
			name = Release;
		};
		BB44DE84298BDCFA0039C601 /* Debug */ = {
			isa = XCBuildConfiguration;
			buildSettings = {
				ASSETCATALOG_COMPILER_APPICON_NAME = AppIcon;
				ASSETCATALOG_COMPILER_GLOBAL_ACCENT_COLOR_NAME = AccentColor;
				CODE_SIGN_STYLE = Automatic;
				CURRENT_PROJECT_VERSION = 1;
				DEVELOPMENT_TEAM = 7WTYA7M3KW;
				GENERATE_INFOPLIST_FILE = YES;
				INFOPLIST_FILE = MovieApp/Info.plist;
				INFOPLIST_KEY_UIApplicationSupportsIndirectInputEvents = YES;
				INFOPLIST_KEY_UILaunchStoryboardName = LaunchScreen;
				INFOPLIST_KEY_UISupportedInterfaceOrientations = UIInterfaceOrientationPortrait;
				INFOPLIST_KEY_UISupportedInterfaceOrientations_iPad = "UIInterfaceOrientationLandscapeLeft UIInterfaceOrientationLandscapeRight UIInterfaceOrientationPortrait UIInterfaceOrientationPortraitUpsideDown";
				IPHONEOS_DEPLOYMENT_TARGET = 13.0;
				LD_RUNPATH_SEARCH_PATHS = (
					"$(inherited)",
					"@executable_path/Frameworks",
				);
				MARKETING_VERSION = 1.0;
				PRODUCT_BUNDLE_IDENTIFIER = com.yusufcanbircan.MovieApp;
				PRODUCT_NAME = "$(TARGET_NAME)";
				SUPPORTED_PLATFORMS = "iphoneos iphonesimulator";
				SUPPORTS_MACCATALYST = NO;
				SUPPORTS_MAC_DESIGNED_FOR_IPHONE_IPAD = NO;
				SWIFT_EMIT_LOC_STRINGS = YES;
				SWIFT_VERSION = 5.0;
				TARGETED_DEVICE_FAMILY = 1;
			};
			name = Debug;
		};
		BB44DE85298BDCFA0039C601 /* Release */ = {
			isa = XCBuildConfiguration;
			buildSettings = {
				ASSETCATALOG_COMPILER_APPICON_NAME = AppIcon;
				ASSETCATALOG_COMPILER_GLOBAL_ACCENT_COLOR_NAME = AccentColor;
				CODE_SIGN_STYLE = Automatic;
				CURRENT_PROJECT_VERSION = 1;
				DEVELOPMENT_TEAM = 7WTYA7M3KW;
				GENERATE_INFOPLIST_FILE = YES;
				INFOPLIST_FILE = MovieApp/Info.plist;
				INFOPLIST_KEY_UIApplicationSupportsIndirectInputEvents = YES;
				INFOPLIST_KEY_UILaunchStoryboardName = LaunchScreen;
				INFOPLIST_KEY_UISupportedInterfaceOrientations = UIInterfaceOrientationPortrait;
				INFOPLIST_KEY_UISupportedInterfaceOrientations_iPad = "UIInterfaceOrientationLandscapeLeft UIInterfaceOrientationLandscapeRight UIInterfaceOrientationPortrait UIInterfaceOrientationPortraitUpsideDown";
				IPHONEOS_DEPLOYMENT_TARGET = 13.0;
				LD_RUNPATH_SEARCH_PATHS = (
					"$(inherited)",
					"@executable_path/Frameworks",
				);
				MARKETING_VERSION = 1.0;
				PRODUCT_BUNDLE_IDENTIFIER = com.yusufcanbircan.MovieApp;
				PRODUCT_NAME = "$(TARGET_NAME)";
				SUPPORTED_PLATFORMS = "iphoneos iphonesimulator";
				SUPPORTS_MACCATALYST = NO;
				SUPPORTS_MAC_DESIGNED_FOR_IPHONE_IPAD = NO;
				SWIFT_EMIT_LOC_STRINGS = YES;
				SWIFT_VERSION = 5.0;
				TARGETED_DEVICE_FAMILY = 1;
			};
			name = Release;
		};
		BB44DE87298BDCFA0039C601 /* Debug */ = {
			isa = XCBuildConfiguration;
			buildSettings = {
				ALWAYS_EMBED_SWIFT_STANDARD_LIBRARIES = YES;
				BUNDLE_LOADER = "$(TEST_HOST)";
				CODE_SIGN_STYLE = Automatic;
				CURRENT_PROJECT_VERSION = 1;
				DEVELOPMENT_TEAM = 7WTYA7M3KW;
				GENERATE_INFOPLIST_FILE = YES;
				IPHONEOS_DEPLOYMENT_TARGET = 16.2;
				MARKETING_VERSION = 1.0;
				PRODUCT_BUNDLE_IDENTIFIER = com.yusufcanbircan.MovieAppTests;
				PRODUCT_NAME = "$(TARGET_NAME)";
				SWIFT_EMIT_LOC_STRINGS = NO;
				SWIFT_VERSION = 5.0;
				TARGETED_DEVICE_FAMILY = "1,2";
				TEST_HOST = "$(BUILT_PRODUCTS_DIR)/MovieApp.app/$(BUNDLE_EXECUTABLE_FOLDER_PATH)/MovieApp";
			};
			name = Debug;
		};
		BB44DE88298BDCFA0039C601 /* Release */ = {
			isa = XCBuildConfiguration;
			buildSettings = {
				ALWAYS_EMBED_SWIFT_STANDARD_LIBRARIES = YES;
				BUNDLE_LOADER = "$(TEST_HOST)";
				CODE_SIGN_STYLE = Automatic;
				CURRENT_PROJECT_VERSION = 1;
				DEVELOPMENT_TEAM = 7WTYA7M3KW;
				GENERATE_INFOPLIST_FILE = YES;
				IPHONEOS_DEPLOYMENT_TARGET = 16.2;
				MARKETING_VERSION = 1.0;
				PRODUCT_BUNDLE_IDENTIFIER = com.yusufcanbircan.MovieAppTests;
				PRODUCT_NAME = "$(TARGET_NAME)";
				SWIFT_EMIT_LOC_STRINGS = NO;
				SWIFT_VERSION = 5.0;
				TARGETED_DEVICE_FAMILY = "1,2";
				TEST_HOST = "$(BUILT_PRODUCTS_DIR)/MovieApp.app/$(BUNDLE_EXECUTABLE_FOLDER_PATH)/MovieApp";
			};
			name = Release;
		};
		BB44DE8A298BDCFA0039C601 /* Debug */ = {
			isa = XCBuildConfiguration;
			buildSettings = {
				ALWAYS_EMBED_SWIFT_STANDARD_LIBRARIES = YES;
				CODE_SIGN_STYLE = Automatic;
				CURRENT_PROJECT_VERSION = 1;
				DEVELOPMENT_TEAM = 7WTYA7M3KW;
				GENERATE_INFOPLIST_FILE = YES;
				MARKETING_VERSION = 1.0;
				PRODUCT_BUNDLE_IDENTIFIER = com.yusufcanbircan.MovieAppUITests;
				PRODUCT_NAME = "$(TARGET_NAME)";
				SWIFT_EMIT_LOC_STRINGS = NO;
				SWIFT_VERSION = 5.0;
				TARGETED_DEVICE_FAMILY = "1,2";
				TEST_TARGET_NAME = MovieApp;
			};
			name = Debug;
		};
		BB44DE8B298BDCFA0039C601 /* Release */ = {
			isa = XCBuildConfiguration;
			buildSettings = {
				ALWAYS_EMBED_SWIFT_STANDARD_LIBRARIES = YES;
				CODE_SIGN_STYLE = Automatic;
				CURRENT_PROJECT_VERSION = 1;
				DEVELOPMENT_TEAM = 7WTYA7M3KW;
				GENERATE_INFOPLIST_FILE = YES;
				MARKETING_VERSION = 1.0;
				PRODUCT_BUNDLE_IDENTIFIER = com.yusufcanbircan.MovieAppUITests;
				PRODUCT_NAME = "$(TARGET_NAME)";
				SWIFT_EMIT_LOC_STRINGS = NO;
				SWIFT_VERSION = 5.0;
				TARGETED_DEVICE_FAMILY = "1,2";
				TEST_TARGET_NAME = MovieApp;
			};
			name = Release;
		};
/* End XCBuildConfiguration section */

/* Begin XCConfigurationList section */
		BB44DE51298BDCF80039C601 /* Build configuration list for PBXProject "MovieApp" */ = {
			isa = XCConfigurationList;
			buildConfigurations = (
				BB44DE81298BDCFA0039C601 /* Debug */,
				BB44DE82298BDCFA0039C601 /* Release */,
			);
			defaultConfigurationIsVisible = 0;
			defaultConfigurationName = Release;
		};
		BB44DE83298BDCFA0039C601 /* Build configuration list for PBXNativeTarget "MovieApp" */ = {
			isa = XCConfigurationList;
			buildConfigurations = (
				BB44DE84298BDCFA0039C601 /* Debug */,
				BB44DE85298BDCFA0039C601 /* Release */,
			);
			defaultConfigurationIsVisible = 0;
			defaultConfigurationName = Release;
		};
		BB44DE86298BDCFA0039C601 /* Build configuration list for PBXNativeTarget "MovieAppTests" */ = {
			isa = XCConfigurationList;
			buildConfigurations = (
				BB44DE87298BDCFA0039C601 /* Debug */,
				BB44DE88298BDCFA0039C601 /* Release */,
			);
			defaultConfigurationIsVisible = 0;
			defaultConfigurationName = Release;
		};
		BB44DE89298BDCFA0039C601 /* Build configuration list for PBXNativeTarget "MovieAppUITests" */ = {
			isa = XCConfigurationList;
			buildConfigurations = (
				BB44DE8A298BDCFA0039C601 /* Debug */,
				BB44DE8B298BDCFA0039C601 /* Release */,
			);
			defaultConfigurationIsVisible = 0;
			defaultConfigurationName = Release;
		};
/* End XCConfigurationList section */

/* Begin XCRemoteSwiftPackageReference section */
		BB44DE8C298BDE6C0039C601 /* XCRemoteSwiftPackageReference "Alamofire" */ = {
			isa = XCRemoteSwiftPackageReference;
			repositoryURL = "https://github.com/Alamofire/Alamofire.git";
			requirement = {
				kind = upToNextMajorVersion;
				minimumVersion = 5.0.0;
			};
		};
		BB44DE8F298BDEE30039C601 /* XCRemoteSwiftPackageReference "Kingfisher" */ = {
			isa = XCRemoteSwiftPackageReference;
			repositoryURL = "https://github.com/onevcat/Kingfisher.git";
			requirement = {
				kind = upToNextMajorVersion;
				minimumVersion = 7.0.0;
			};
		};
/* End XCRemoteSwiftPackageReference section */

/* Begin XCSwiftPackageProductDependency section */
		BB44DE8D298BDE6C0039C601 /* Alamofire */ = {
			isa = XCSwiftPackageProductDependency;
			package = BB44DE8C298BDE6C0039C601 /* XCRemoteSwiftPackageReference "Alamofire" */;
			productName = Alamofire;
		};
		BB44DE90298BDEE30039C601 /* Kingfisher */ = {
			isa = XCSwiftPackageProductDependency;
			package = BB44DE8F298BDEE30039C601 /* XCRemoteSwiftPackageReference "Kingfisher" */;
			productName = Kingfisher;
		};
/* End XCSwiftPackageProductDependency section */

/* Begin XCVersionGroup section */
		BB44DE62298BDCF80039C601 /* MovieApp.xcdatamodeld */ = {
			isa = XCVersionGroup;
			children = (
				BB44DE63298BDCF80039C601 /* MovieApp.xcdatamodel */,
			);
			currentVersion = BB44DE63298BDCF80039C601 /* MovieApp.xcdatamodel */;
			path = MovieApp.xcdatamodeld;
			sourceTree = "<group>";
			versionGroupType = wrapper.xcdatamodel;
		};
/* End XCVersionGroup section */
	};
	rootObject = BB44DE4E298BDCF80039C601 /* Project object */;
}
